
Microsoft Visual Studio Solution File, Format Version 12.00
# Visual Studio 15
VisualStudioVersion = 15.0.26730.3
MinimumVisualStudioVersion = 10.0.40219.1
Project("{FAE04EC0-301F-11D3-BF4B-00C04F79EFBC}") = "Presentation", "VacationDecision\Presentation.csproj", "{F9320F97-E237-457D-ACC7-E2769E34AFF9}"
	ProjectSection(ProjectDependencies) = postProject
		{448EE61B-263E-4110-9D99-F85E897813E6} = {448EE61B-263E-4110-9D99-F85E897813E6}
		{951F3A6B-71B3-4DFE-9293-BA6C58252734} = {951F3A6B-71B3-4DFE-9293-BA6C58252734}
	EndProjectSection
EndProject
Project("{FAE04EC0-301F-11D3-BF4B-00C04F79EFBC}") = "Model", "Model\Model.csproj", "{448EE61B-263E-4110-9D99-F85E897813E6}"
EndProject
Project("{FAE04EC0-301F-11D3-BF4B-00C04F79EFBC}") = "Database", "Database\Database.csproj", "{951F3A6B-71B3-4DFE-9293-BA6C58252734}"
EndProject
Project("{FAE04EC0-301F-11D3-BF4B-00C04F79EFBC}") = "ViewModel", "ViewModel\ViewModel.csproj", "{ACB423F2-7127-4451-A78E-438BA07E6A72}"
EndProject
Project("{FAE04EC0-301F-11D3-BF4B-00C04F79EFBC}") = "Business", "Business\Business.csproj", "{83315FA0-D428-48BF-8FC8-D29233490530}"
EndProject
Global
	GlobalSection(SolutionConfigurationPlatforms) = preSolution
		Debug|Any CPU = Debug|Any CPU
		Release|Any CPU = Release|Any CPU
	EndGlobalSection
	GlobalSection(ProjectConfigurationPlatforms) = postSolution
		{F9320F97-E237-457D-ACC7-E2769E34AFF9}.Debug|Any CPU.ActiveCfg = Debug|Any CPU
		{F9320F97-E237-457D-ACC7-E2769E34AFF9}.Debug|Any CPU.Build.0 = Debug|Any CPU
		{F9320F97-E237-457D-ACC7-E2769E34AFF9}.Release|Any CPU.ActiveCfg = Release|Any CPU
		{F9320F97-E237-457D-ACC7-E2769E34AFF9}.Release|Any CPU.Build.0 = Release|Any CPU
		{448EE61B-263E-4110-9D99-F85E897813E6}.Debug|Any CPU.ActiveCfg = Debug|Any CPU
		{448EE61B-263E-4110-9D99-F85E897813E6}.Debug|Any CPU.Build.0 = Debug|Any CPU
		{448EE61B-263E-4110-9D99-F85E897813E6}.Release|Any CPU.ActiveCfg = Release|Any CPU
		{448EE61B-263E-4110-9D99-F85E897813E6}.Release|Any CPU.Build.0 = Release|Any CPU
		{951F3A6B-71B3-4DFE-9293-BA6C58252734}.Debug|Any CPU.ActiveCfg = Debug|Any CPU
		{951F3A6B-71B3-4DFE-9293-BA6C58252734}.Debug|Any CPU.Build.0 = Debug|Any CPU
		{951F3A6B-71B3-4DFE-9293-BA6C58252734}.Release|Any CPU.ActiveCfg = Release|Any CPU
		{951F3A6B-71B3-4DFE-9293-BA6C58252734}.Release|Any CPU.Build.0 = Release|Any CPU
		{ACB423F2-7127-4451-A78E-438BA07E6A72}.Debug|Any CPU.ActiveCfg = Debug|Any CPU
		{ACB423F2-7127-4451-A78E-438BA07E6A72}.Debug|Any CPU.Build.0 = Debug|Any CPU
		{ACB423F2-7127-4451-A78E-438BA07E6A72}.Release|Any CPU.ActiveCfg = Release|Any CPU
		{ACB423F2-7127-4451-A78E-438BA07E6A72}.Release|Any CPU.Build.0 = Release|Any CPU
		{83315FA0-D428-48BF-8FC8-D29233490530}.Debug|Any CPU.ActiveCfg = Debug|Any CPU
		{83315FA0-D428-48BF-8FC8-D29233490530}.Debug|Any CPU.Build.0 = Debug|Any CPU
		{83315FA0-D428-48BF-8FC8-D29233490530}.Release|Any CPU.ActiveCfg = Release|Any CPU
		{83315FA0-D428-48BF-8FC8-D29233490530}.Release|Any CPU.Build.0 = Release|Any CPU
	EndGlobalSection
	GlobalSection(SolutionProperties) = preSolution
		HideSolutionNode = FALSE
	EndGlobalSection
	GlobalSection(ExtensibilityGlobals) = postSolution
		SolutionGuid = {F22878E6-FC31-49AF-BB59-9BD012FE6BDF}
	EndGlobalSection
EndGlobal
